
Microsoft Visual Studio Solution File, Format Version 12.00
# Visual Studio Version 16
VisualStudioVersion = 16.0.31129.286
MinimumVisualStudioVersion = 10.0.40219.1
Project("{FAE04EC0-301F-11D3-BF4B-00C04F79EFBC}") = "College Management System", "College Management System\College Management System.csproj", "{B4FE478E-217F-4C0E-B549-390F08B495BF}"
EndProject
Global
	GlobalSection(SolutionConfigurationPlatforms) = preSolution
		Debug|Any CPU = Debug|Any CPU
		Release|Any CPU = Release|Any CPU
	EndGlobalSection
	GlobalSection(ProjectConfigurationPlatforms) = postSolution
		{B4FE478E-217F-4C0E-B549-390F08B495BF}.Debug|Any CPU.ActiveCfg = Debug|Any CPU
		{B4FE478E-217F-4C0E-B549-390F08B495BF}.Debug|Any CPU.Build.0 = Debug|Any CPU
		{B4FE478E-217F-4C0E-B549-390F08B495BF}.Release|Any CPU.ActiveCfg = Release|Any CPU
		{B4FE478E-217F-4C0E-B549-390F08B495BF}.Release|Any CPU.Build.0 = Release|Any CPU
	EndGlobalSection
	GlobalSection(SolutionProperties) = preSolution
		HideSolutionNode = FALSE
	EndGlobalSection
	GlobalSection(ExtensibilityGlobals) = postSolution
		SolutionGuid = {8EE5DABC-FD30-4681-8B2C-44F880AD3D40}
	EndGlobalSection
EndGlobal
